
Microsoft Visual Studio Solution File, Format Version 12.00
# Visual Studio Version 16
VisualStudioVersion = 16.0.31624.102
MinimumVisualStudioVersion = 10.0.40219.1
Project("{9A19103F-16F7-4668-BE54-9A1E7A4F7556}") = "K2host.Certificates", "K2host.Certificates.csproj", "{4FA23BED-C13D-4966-BAB9-5052C6731614}"
EndProject
Global
	GlobalSection(SolutionConfigurationPlatforms) = preSolution
		Debug|Any CPU = Debug|Any CPU
		Release|Any CPU = Release|Any CPU
	EndGlobalSection
	GlobalSection(ProjectConfigurationPlatforms) = postSolution
		{4FA23BED-C13D-4966-BAB9-5052C6731614}.Debug|Any CPU.ActiveCfg = Debug|Any CPU
		{4FA23BED-C13D-4966-BAB9-5052C6731614}.Debug|Any CPU.Build.0 = Debug|Any CPU
		{4FA23BED-C13D-4966-BAB9-5052C6731614}.Release|Any CPU.ActiveCfg = Release|Any CPU
		{4FA23BED-C13D-4966-BAB9-5052C6731614}.Release|Any CPU.Build.0 = Release|Any CPU
	EndGlobalSection
	GlobalSection(SolutionProperties) = preSolution
		HideSolutionNode = FALSE
	EndGlobalSection
	GlobalSection(ExtensibilityGlobals) = postSolution
		SolutionGuid = {6A44E955-F94E-4D55-B82D-87C6CEDDFAB6}
	EndGlobalSection
EndGlobal
